// !$*UTF8*$!
{
	archiveVersion = 1;
	classes = {
	};
	objectVersion = 70;
	objects = {

/* Begin PBXBuildFile section */
		8848023A282C16A800AF1595 /* AppDelegate.swift in Sources */ = {isa = PBXBuildFile; fileRef = 88480239282C16A800AF1595 /* AppDelegate.swift */; };
		8848023C282C16A800AF1595 /* SceneDelegate.swift in Sources */ = {isa = PBXBuildFile; fileRef = 8848023B282C16A800AF1595 /* SceneDelegate.swift */; };
		8848023E282C16A800AF1595 /* LoginViewController.swift in Sources */ = {isa = PBXBuildFile; fileRef = 8848023D282C16A800AF1595 /* LoginViewController.swift */; };
		88480243282C16A900AF1595 /* Assets.xcassets in Resources */ = {isa = PBXBuildFile; fileRef = 88480242282C16A900AF1595 /* Assets.xcassets */; };
		88480246282C16A900AF1595 /* LaunchScreen.storyboard in Resources */ = {isa = PBXBuildFile; fileRef = 88480244282C16A900AF1595 /* LaunchScreen.storyboard */; };
		8848025B282C16A900AF1595 /* LeagueiOSChallengeUITests.swift in Sources */ = {isa = PBXBuildFile; fileRef = 8848025A282C16A900AF1595 /* LeagueiOSChallengeUITests.swift */; };
		88C4E6B8282C60AF00CD3E33 /* LoginResponse.swift in Sources */ = {isa = PBXBuildFile; fileRef = 88C4E6B7282C60AF00CD3E33 /* LoginResponse.swift */; };
		F40560CE2D5C4086001DAA80 /* PostTableViewCell.swift in Sources */ = {isa = PBXBuildFile; fileRef = F40560CD2D5C4086001DAA80 /* PostTableViewCell.swift */; };
		F40560D42D5C446D001DAA80 /* Theme.swift in Sources */ = {isa = PBXBuildFile; fileRef = F40560D32D5C446D001DAA80 /* Theme.swift */; };
		F40560D62D5C4513001DAA80 /* UserPost.swift in Sources */ = {isa = PBXBuildFile; fileRef = F40560D52D5C4513001DAA80 /* UserPost.swift */; };
		F40560DA2D5C4598001DAA80 /* PostsViewModel.swift in Sources */ = {isa = PBXBuildFile; fileRef = F40560D92D5C4598001DAA80 /* PostsViewModel.swift */; };
		F40560DC2D5C4691001DAA80 /* CredentialStore.swift in Sources */ = {isa = PBXBuildFile; fileRef = F40560DB2D5C4691001DAA80 /* CredentialStore.swift */; };
		F40560DE2D5C6981001DAA80 /* ImageCache.swift in Sources */ = {isa = PBXBuildFile; fileRef = F40560DD2D5C6981001DAA80 /* ImageCache.swift */; };
		F40560E02D5C7A0E001DAA80 /* UserView.swift in Sources */ = {isa = PBXBuildFile; fileRef = F40560DF2D5C7A0E001DAA80 /* UserView.swift */; };
		F40560E32D5C7CBD001DAA80 /* README.md in Resources */ = {isa = PBXBuildFile; fileRef = F40560E22D5C7CBD001DAA80 /* README.md */; };
		F40560E52D5DA450001DAA80 /* MockAPIHelper.swift in Sources */ = {isa = PBXBuildFile; fileRef = F40560E42D5DA450001DAA80 /* MockAPIHelper.swift */; };
		F40560EE2D5DA5B1001DAA80 /* JSONDecodingTests.swift in Sources */ = {isa = PBXBuildFile; fileRef = F40560ED2D5DA5B1001DAA80 /* JSONDecodingTests.swift */; };
		F40560F02D5DBFDC001DAA80 /* UserModel.swift in Sources */ = {isa = PBXBuildFile; fileRef = F40560EF2D5DBFDC001DAA80 /* UserModel.swift */; };
		F40F3CCB2D5B047B00A6C517 /* APIHelper.swift in Sources */ = {isa = PBXBuildFile; fileRef = F40F3CCA2D5B047B00A6C517 /* APIHelper.swift */; };
		F40F3CCD2D5B0B2A00A6C517 /* UserResponse.swift in Sources */ = {isa = PBXBuildFile; fileRef = F40F3CCC2D5B0B2A00A6C517 /* UserResponse.swift */; };
		F40F3CCF2D5B0C7500A6C517 /* PostResponse.swift in Sources */ = {isa = PBXBuildFile; fileRef = F40F3CCE2D5B0C7000A6C517 /* PostResponse.swift */; };
		F40F3CD12D5B98B000A6C517 /* PostsViewController.swift in Sources */ = {isa = PBXBuildFile; fileRef = F40F3CD02D5B98B000A6C517 /* PostsViewController.swift */; };
		F450B5062D5AF0CD0051A7E5 /* EmailValidationTests.swift in Sources */ = {isa = PBXBuildFile; fileRef = F450B5052D5AF0C60051A7E5 /* EmailValidationTests.swift */; };
		F450B5082D5AF12C0051A7E5 /* EmailValidator.swift in Sources */ = {isa = PBXBuildFile; fileRef = F450B5072D5AF12C0051A7E5 /* EmailValidator.swift */; };
		F4854B4B2D5DD0B500FF80E9 /* PostsViewModelTests.swift in Sources */ = {isa = PBXBuildFile; fileRef = F4854B4A2D5DD0B500FF80E9 /* PostsViewModelTests.swift */; };
/* End PBXBuildFile section */

/* Begin PBXContainerItemProxy section */
		8848024D282C16A900AF1595 /* PBXContainerItemProxy */ = {
			isa = PBXContainerItemProxy;
			containerPortal = 8848022E282C16A800AF1595 /* Project object */;
			proxyType = 1;
			remoteGlobalIDString = 88480235282C16A800AF1595;
			remoteInfo = LeagueiOSChallenge;
		};
		88480257282C16A900AF1595 /* PBXContainerItemProxy */ = {
			isa = PBXContainerItemProxy;
			containerPortal = 8848022E282C16A800AF1595 /* Project object */;
			proxyType = 1;
			remoteGlobalIDString = 88480235282C16A800AF1595;
			remoteInfo = LeagueiOSChallenge;
		};
/* End PBXContainerItemProxy section */

/* Begin PBXFileReference section */
		88480236282C16A800AF1595 /* LeagueiOSChallenge.app */ = {isa = PBXFileReference; explicitFileType = wrapper.application; includeInIndex = 0; path = LeagueiOSChallenge.app; sourceTree = BUILT_PRODUCTS_DIR; };
		88480239282C16A800AF1595 /* AppDelegate.swift */ = {isa = PBXFileReference; lastKnownFileType = sourcecode.swift; path = AppDelegate.swift; sourceTree = "<group>"; };
		8848023B282C16A800AF1595 /* SceneDelegate.swift */ = {isa = PBXFileReference; lastKnownFileType = sourcecode.swift; path = SceneDelegate.swift; sourceTree = "<group>"; };
		8848023D282C16A800AF1595 /* LoginViewController.swift */ = {isa = PBXFileReference; lastKnownFileType = sourcecode.swift; path = LoginViewController.swift; sourceTree = "<group>"; };
		88480242282C16A900AF1595 /* Assets.xcassets */ = {isa = PBXFileReference; lastKnownFileType = folder.assetcatalog; path = Assets.xcassets; sourceTree = "<group>"; };
		88480245282C16A900AF1595 /* Base */ = {isa = PBXFileReference; lastKnownFileType = file.storyboard; name = Base; path = Base.lproj/LaunchScreen.storyboard; sourceTree = "<group>"; };
		88480247282C16A900AF1595 /* Info.plist */ = {isa = PBXFileReference; lastKnownFileType = text.plist.xml; path = Info.plist; sourceTree = "<group>"; };
		8848024C282C16A900AF1595 /* LeagueiOSChallengeTests.xctest */ = {isa = PBXFileReference; explicitFileType = wrapper.cfbundle; includeInIndex = 0; path = LeagueiOSChallengeTests.xctest; sourceTree = BUILT_PRODUCTS_DIR; };
		88480256282C16A900AF1595 /* LeagueiOSChallengeUITests.xctest */ = {isa = PBXFileReference; explicitFileType = wrapper.cfbundle; includeInIndex = 0; path = LeagueiOSChallengeUITests.xctest; sourceTree = BUILT_PRODUCTS_DIR; };
		8848025A282C16A900AF1595 /* LeagueiOSChallengeUITests.swift */ = {isa = PBXFileReference; lastKnownFileType = sourcecode.swift; path = LeagueiOSChallengeUITests.swift; sourceTree = "<group>"; };
		88C4E6B7282C60AF00CD3E33 /* LoginResponse.swift */ = {isa = PBXFileReference; lastKnownFileType = sourcecode.swift; path = LoginResponse.swift; sourceTree = "<group>"; };
		F40560CD2D5C4086001DAA80 /* PostTableViewCell.swift */ = {isa = PBXFileReference; lastKnownFileType = sourcecode.swift; path = PostTableViewCell.swift; sourceTree = "<group>"; };
		F40560D32D5C446D001DAA80 /* Theme.swift */ = {isa = PBXFileReference; lastKnownFileType = sourcecode.swift; path = Theme.swift; sourceTree = "<group>"; };
		F40560D52D5C4513001DAA80 /* UserPost.swift */ = {isa = PBXFileReference; lastKnownFileType = sourcecode.swift; path = UserPost.swift; sourceTree = "<group>"; };
		F40560D92D5C4598001DAA80 /* PostsViewModel.swift */ = {isa = PBXFileReference; lastKnownFileType = sourcecode.swift; path = PostsViewModel.swift; sourceTree = "<group>"; };
		F40560DB2D5C4691001DAA80 /* CredentialStore.swift */ = {isa = PBXFileReference; lastKnownFileType = sourcecode.swift; path = CredentialStore.swift; sourceTree = "<group>"; };
		F40560DD2D5C6981001DAA80 /* ImageCache.swift */ = {isa = PBXFileReference; lastKnownFileType = sourcecode.swift; path = ImageCache.swift; sourceTree = "<group>"; };
		F40560DF2D5C7A0E001DAA80 /* UserView.swift */ = {isa = PBXFileReference; lastKnownFileType = sourcecode.swift; path = UserView.swift; sourceTree = "<group>"; };
		F40560E22D5C7CBD001DAA80 /* README.md */ = {isa = PBXFileReference; lastKnownFileType = net.daringfireball.markdown; path = README.md; sourceTree = "<group>"; };
		F40560E42D5DA450001DAA80 /* MockAPIHelper.swift */ = {isa = PBXFileReference; lastKnownFileType = sourcecode.swift; path = MockAPIHelper.swift; sourceTree = "<group>"; };
		F40560ED2D5DA5B1001DAA80 /* JSONDecodingTests.swift */ = {isa = PBXFileReference; lastKnownFileType = sourcecode.swift; path = JSONDecodingTests.swift; sourceTree = "<group>"; };
		F40560EF2D5DBFDC001DAA80 /* UserModel.swift */ = {isa = PBXFileReference; lastKnownFileType = sourcecode.swift; path = UserModel.swift; sourceTree = "<group>"; };
		F40F3CCA2D5B047B00A6C517 /* APIHelper.swift */ = {isa = PBXFileReference; lastKnownFileType = sourcecode.swift; path = APIHelper.swift; sourceTree = "<group>"; };
		F40F3CCC2D5B0B2A00A6C517 /* UserResponse.swift */ = {isa = PBXFileReference; lastKnownFileType = sourcecode.swift; path = UserResponse.swift; sourceTree = "<group>"; };
		F40F3CCE2D5B0C7000A6C517 /* PostResponse.swift */ = {isa = PBXFileReference; lastKnownFileType = sourcecode.swift; path = PostResponse.swift; sourceTree = "<group>"; };
		F40F3CD02D5B98B000A6C517 /* PostsViewController.swift */ = {isa = PBXFileReference; lastKnownFileType = sourcecode.swift; path = PostsViewController.swift; sourceTree = "<group>"; };
		F450B5052D5AF0C60051A7E5 /* EmailValidationTests.swift */ = {isa = PBXFileReference; lastKnownFileType = sourcecode.swift; path = EmailValidationTests.swift; sourceTree = "<group>"; };
		F450B5072D5AF12C0051A7E5 /* EmailValidator.swift */ = {isa = PBXFileReference; lastKnownFileType = sourcecode.swift; path = EmailValidator.swift; sourceTree = "<group>"; };
		F4854B4A2D5DD0B500FF80E9 /* PostsViewModelTests.swift */ = {isa = PBXFileReference; lastKnownFileType = sourcecode.swift; path = PostsViewModelTests.swift; sourceTree = "<group>"; };
/* End PBXFileReference section */

/* Begin PBXFileSystemSynchronizedRootGroup section */
		F40560EA2D5DA4C8001DAA80 /* fixtures */ = {isa = PBXFileSystemSynchronizedRootGroup; explicitFileTypes = {}; explicitFolders = (); path = fixtures; sourceTree = "<group>"; };
/* End PBXFileSystemSynchronizedRootGroup section */

/* Begin PBXFrameworksBuildPhase section */
		88480233282C16A800AF1595 /* Frameworks */ = {
			isa = PBXFrameworksBuildPhase;
			buildActionMask = 2147483647;
			files = (
			);
			runOnlyForDeploymentPostprocessing = 0;
		};
		88480249282C16A900AF1595 /* Frameworks */ = {
			isa = PBXFrameworksBuildPhase;
			buildActionMask = 2147483647;
			files = (
			);
			runOnlyForDeploymentPostprocessing = 0;
		};
		88480253282C16A900AF1595 /* Frameworks */ = {
			isa = PBXFrameworksBuildPhase;
			buildActionMask = 2147483647;
			files = (
			);
			runOnlyForDeploymentPostprocessing = 0;
		};
/* End PBXFrameworksBuildPhase section */

/* Begin PBXGroup section */
		8848022D282C16A800AF1595 = {
			isa = PBXGroup;
			children = (
				88480238282C16A800AF1595 /* LeagueiOSChallenge */,
				8848024F282C16A900AF1595 /* LeagueiOSChallengeTests */,
				88480259282C16A900AF1595 /* LeagueiOSChallengeUITests */,
				88480237282C16A800AF1595 /* Products */,
			);
			sourceTree = "<group>";
		};
		88480237282C16A800AF1595 /* Products */ = {
			isa = PBXGroup;
			children = (
				88480236282C16A800AF1595 /* LeagueiOSChallenge.app */,
				8848024C282C16A900AF1595 /* LeagueiOSChallengeTests.xctest */,
				88480256282C16A900AF1595 /* LeagueiOSChallengeUITests.xctest */,
			);
			name = Products;
			sourceTree = "<group>";
		};
		88480238282C16A800AF1595 /* LeagueiOSChallenge */ = {
			isa = PBXGroup;
			children = (
				F40560E22D5C7CBD001DAA80 /* README.md */,
				8848026D282C185700AF1595 /* Root */,
				88C4E6B6282C609900CD3E33 /* Models */,
				8848026E282C189000AF1595 /* Network */,
			);
			path = LeagueiOSChallenge;
			sourceTree = "<group>";
		};
		8848024F282C16A900AF1595 /* LeagueiOSChallengeTests */ = {
			isa = PBXGroup;
			children = (
				F450B5052D5AF0C60051A7E5 /* EmailValidationTests.swift */,
				F4854B4A2D5DD0B500FF80E9 /* PostsViewModelTests.swift */,
				F40560ED2D5DA5B1001DAA80 /* JSONDecodingTests.swift */,
			);
			path = LeagueiOSChallengeTests;
			sourceTree = "<group>";
		};
		88480259282C16A900AF1595 /* LeagueiOSChallengeUITests */ = {
			isa = PBXGroup;
			children = (
				8848025A282C16A900AF1595 /* LeagueiOSChallengeUITests.swift */,
			);
			path = LeagueiOSChallengeUITests;
			sourceTree = "<group>";
		};
		8848026D282C185700AF1595 /* Root */ = {
			isa = PBXGroup;
			children = (
				88480239282C16A800AF1595 /* AppDelegate.swift */,
				8848023B282C16A800AF1595 /* SceneDelegate.swift */,
				F40560D32D5C446D001DAA80 /* Theme.swift */,
				F40560D02D5C4091001DAA80 /* Login */,
				F40560CF2D5C408B001DAA80 /* Posts */,
				F40560E12D5C7A23001DAA80 /* User */,
				F40560D22D5C40AE001DAA80 /* Utlity */,
				88480242282C16A900AF1595 /* Assets.xcassets */,
				88480244282C16A900AF1595 /* LaunchScreen.storyboard */,
				88480247282C16A900AF1595 /* Info.plist */,
			);
			path = Root;
			sourceTree = "<group>";
		};
		8848026E282C189000AF1595 /* Network */ = {
			isa = PBXGroup;
			children = (
				F40F3CCA2D5B047B00A6C517 /* APIHelper.swift */,
				F40560E62D5DA470001DAA80 /* Mock */,
				F40560DB2D5C4691001DAA80 /* CredentialStore.swift */,
				F40560DD2D5C6981001DAA80 /* ImageCache.swift */,
			);
			path = Network;
			sourceTree = "<group>";
		};
		88C4E6B6282C609900CD3E33 /* Models */ = {
			isa = PBXGroup;
			children = (
				88C4E6B7282C60AF00CD3E33 /* LoginResponse.swift */,
				F40F3CCC2D5B0B2A00A6C517 /* UserResponse.swift */,
				F40F3CCE2D5B0C7000A6C517 /* PostResponse.swift */,
			);
			path = Models;
			sourceTree = "<group>";
		};
		F40560CF2D5C408B001DAA80 /* Posts */ = {
			isa = PBXGroup;
			children = (
				F40560D52D5C4513001DAA80 /* UserPost.swift */,
				F40F3CD02D5B98B000A6C517 /* PostsViewController.swift */,
				F40560D92D5C4598001DAA80 /* PostsViewModel.swift */,
				F40560CD2D5C4086001DAA80 /* PostTableViewCell.swift */,
			);
			path = Posts;
			sourceTree = "<group>";
		};
		F40560D02D5C4091001DAA80 /* Login */ = {
			isa = PBXGroup;
			children = (
				8848023D282C16A800AF1595 /* LoginViewController.swift */,
			);
			path = Login;
			sourceTree = "<group>";
		};
		F40560D22D5C40AE001DAA80 /* Utlity */ = {
			isa = PBXGroup;
			children = (
				F450B5072D5AF12C0051A7E5 /* EmailValidator.swift */,
			);
			path = Utlity;
			sourceTree = "<group>";
		};
		F40560E12D5C7A23001DAA80 /* User */ = {
			isa = PBXGroup;
			children = (
				F40560DF2D5C7A0E001DAA80 /* UserView.swift */,
				F40560EF2D5DBFDC001DAA80 /* UserModel.swift */,
			);
			path = User;
			sourceTree = "<group>";
		};
		F40560E62D5DA470001DAA80 /* Mock */ = {
			isa = PBXGroup;
			children = (
				F40560E42D5DA450001DAA80 /* MockAPIHelper.swift */,
				F40560EA2D5DA4C8001DAA80 /* fixtures */,
			);
			path = Mock;
			sourceTree = "<group>";
		};
/* End PBXGroup section */

/* Begin PBXNativeTarget section */
		88480235282C16A800AF1595 /* LeagueiOSChallenge */ = {
			isa = PBXNativeTarget;
			buildConfigurationList = 88480260282C16A900AF1595 /* Build configuration list for PBXNativeTarget "LeagueiOSChallenge" */;
			buildPhases = (
				88480232282C16A800AF1595 /* Sources */,
				88480233282C16A800AF1595 /* Frameworks */,
				88480234282C16A800AF1595 /* Resources */,
			);
			buildRules = (
			);
			dependencies = (
			);
			fileSystemSynchronizedGroups = (
				F40560EA2D5DA4C8001DAA80 /* fixtures */,
			);
			name = LeagueiOSChallenge;
			packageProductDependencies = (
			);
			productName = LeagueiOSChallenge;
			productReference = 88480236282C16A800AF1595 /* LeagueiOSChallenge.app */;
			productType = "com.apple.product-type.application";
		};
		8848024B282C16A900AF1595 /* LeagueiOSChallengeTests */ = {
			isa = PBXNativeTarget;
			buildConfigurationList = 88480263282C16A900AF1595 /* Build configuration list for PBXNativeTarget "LeagueiOSChallengeTests" */;
			buildPhases = (
				88480248282C16A900AF1595 /* Sources */,
				88480249282C16A900AF1595 /* Frameworks */,
				8848024A282C16A900AF1595 /* Resources */,
			);
			buildRules = (
			);
			dependencies = (
				8848024E282C16A900AF1595 /* PBXTargetDependency */,
			);
			name = LeagueiOSChallengeTests;
			productName = LeagueiOSChallengeTests;
			productReference = 8848024C282C16A900AF1595 /* LeagueiOSChallengeTests.xctest */;
			productType = "com.apple.product-type.bundle.unit-test";
		};
		88480255282C16A900AF1595 /* LeagueiOSChallengeUITests */ = {
			isa = PBXNativeTarget;
			buildConfigurationList = 88480266282C16A900AF1595 /* Build configuration list for PBXNativeTarget "LeagueiOSChallengeUITests" */;
			buildPhases = (
				88480252282C16A900AF1595 /* Sources */,
				88480253282C16A900AF1595 /* Frameworks */,
				88480254282C16A900AF1595 /* Resources */,
			);
			buildRules = (
			);
			dependencies = (
				88480258282C16A900AF1595 /* PBXTargetDependency */,
			);
			name = LeagueiOSChallengeUITests;
			productName = LeagueiOSChallengeUITests;
			productReference = 88480256282C16A900AF1595 /* LeagueiOSChallengeUITests.xctest */;
			productType = "com.apple.product-type.bundle.ui-testing";
		};
/* End PBXNativeTarget section */

/* Begin PBXProject section */
		8848022E282C16A800AF1595 /* Project object */ = {
			isa = PBXProject;
			attributes = {
				BuildIndependentTargetsInParallel = 1;
				LastSwiftUpdateCheck = 1330;
				LastUpgradeCheck = 1330;
				TargetAttributes = {
					88480235282C16A800AF1595 = {
						CreatedOnToolsVersion = 13.3.1;
					};
					8848024B282C16A900AF1595 = {
						CreatedOnToolsVersion = 13.3.1;
						TestTargetID = 88480235282C16A800AF1595;
					};
					88480255282C16A900AF1595 = {
						CreatedOnToolsVersion = 13.3.1;
						TestTargetID = 88480235282C16A800AF1595;
					};
				};
			};
			buildConfigurationList = 88480231282C16A800AF1595 /* Build configuration list for PBXProject "LeagueiOSChallenge" */;
			compatibilityVersion = "Xcode 13.0";
			developmentRegion = en;
			hasScannedForEncodings = 0;
			knownRegions = (
				en,
				Base,
			);
			mainGroup = 8848022D282C16A800AF1595;
			packageReferences = (
			);
			productRefGroup = 88480237282C16A800AF1595 /* Products */;
			projectDirPath = "";
			projectRoot = "";
			targets = (
				88480235282C16A800AF1595 /* LeagueiOSChallenge */,
				8848024B282C16A900AF1595 /* LeagueiOSChallengeTests */,
				88480255282C16A900AF1595 /* LeagueiOSChallengeUITests */,
			);
		};
/* End PBXProject section */

/* Begin PBXResourcesBuildPhase section */
		88480234282C16A800AF1595 /* Resources */ = {
			isa = PBXResourcesBuildPhase;
			buildActionMask = 2147483647;
			files = (
				F40560E32D5C7CBD001DAA80 /* README.md in Resources */,
				88480246282C16A900AF1595 /* LaunchScreen.storyboard in Resources */,
				88480243282C16A900AF1595 /* Assets.xcassets in Resources */,
			);
			runOnlyForDeploymentPostprocessing = 0;
		};
		8848024A282C16A900AF1595 /* Resources */ = {
			isa = PBXResourcesBuildPhase;
			buildActionMask = 2147483647;
			files = (
			);
			runOnlyForDeploymentPostprocessing = 0;
		};
		88480254282C16A900AF1595 /* Resources */ = {
			isa = PBXResourcesBuildPhase;
			buildActionMask = 2147483647;
			files = (
			);
			runOnlyForDeploymentPostprocessing = 0;
		};
/* End PBXResourcesBuildPhase section */

/* Begin PBXSourcesBuildPhase section */
		88480232282C16A800AF1595 /* Sources */ = {
			isa = PBXSourcesBuildPhase;
			buildActionMask = 2147483647;
			files = (
				F40560DE2D5C6981001DAA80 /* ImageCache.swift in Sources */,
				8848023E282C16A800AF1595 /* LoginViewController.swift in Sources */,
				8848023A282C16A800AF1595 /* AppDelegate.swift in Sources */,
				F40560E52D5DA450001DAA80 /* MockAPIHelper.swift in Sources */,
				F40560E02D5C7A0E001DAA80 /* UserView.swift in Sources */,
				F40560DA2D5C4598001DAA80 /* PostsViewModel.swift in Sources */,
				F40F3CCB2D5B047B00A6C517 /* APIHelper.swift in Sources */,
				F40560D62D5C4513001DAA80 /* UserPost.swift in Sources */,
				F40F3CD12D5B98B000A6C517 /* PostsViewController.swift in Sources */,
				F40560DC2D5C4691001DAA80 /* CredentialStore.swift in Sources */,
				F40560D42D5C446D001DAA80 /* Theme.swift in Sources */,
				F40F3CCD2D5B0B2A00A6C517 /* UserResponse.swift in Sources */,
				8848023C282C16A800AF1595 /* SceneDelegate.swift in Sources */,
				88C4E6B8282C60AF00CD3E33 /* LoginResponse.swift in Sources */,
				F40560CE2D5C4086001DAA80 /* PostTableViewCell.swift in Sources */,
				F40F3CCF2D5B0C7500A6C517 /* PostResponse.swift in Sources */,
				F40560F02D5DBFDC001DAA80 /* UserModel.swift in Sources */,
				F450B5082D5AF12C0051A7E5 /* EmailValidator.swift in Sources */,
			);
			runOnlyForDeploymentPostprocessing = 0;
		};
		88480248282C16A900AF1595 /* Sources */ = {
			isa = PBXSourcesBuildPhase;
			buildActionMask = 2147483647;
			files = (
				F4854B4B2D5DD0B500FF80E9 /* PostsViewModelTests.swift in Sources */,
				F40560EE2D5DA5B1001DAA80 /* JSONDecodingTests.swift in Sources */,
				F450B5062D5AF0CD0051A7E5 /* EmailValidationTests.swift in Sources */,
			);
			runOnlyForDeploymentPostprocessing = 0;
		};
		88480252282C16A900AF1595 /* Sources */ = {
			isa = PBXSourcesBuildPhase;
			buildActionMask = 2147483647;
			files = (
				8848025B282C16A900AF1595 /* LeagueiOSChallengeUITests.swift in Sources */,
			);
			runOnlyForDeploymentPostprocessing = 0;
		};
/* End PBXSourcesBuildPhase section */

/* Begin PBXTargetDependency section */
		8848024E282C16A900AF1595 /* PBXTargetDependency */ = {
			isa = PBXTargetDependency;
			target = 88480235282C16A800AF1595 /* LeagueiOSChallenge */;
			targetProxy = 8848024D282C16A900AF1595 /* PBXContainerItemProxy */;
		};
		88480258282C16A900AF1595 /* PBXTargetDependency */ = {
			isa = PBXTargetDependency;
			target = 88480235282C16A800AF1595 /* LeagueiOSChallenge */;
			targetProxy = 88480257282C16A900AF1595 /* PBXContainerItemProxy */;
		};
/* End PBXTargetDependency section */

/* Begin PBXVariantGroup section */
		88480244282C16A900AF1595 /* LaunchScreen.storyboard */ = {
			isa = PBXVariantGroup;
			children = (
				88480245282C16A900AF1595 /* Base */,
			);
			name = LaunchScreen.storyboard;
			sourceTree = "<group>";
		};
/* End PBXVariantGroup section */

/* Begin XCBuildConfiguration section */
		8848025E282C16A900AF1595 /* Debug */ = {
			isa = XCBuildConfiguration;
			buildSettings = {
				ALWAYS_SEARCH_USER_PATHS = NO;
				CLANG_ANALYZER_NONNULL = YES;
				CLANG_ANALYZER_NUMBER_OBJECT_CONVERSION = YES_AGGRESSIVE;
				CLANG_CXX_LANGUAGE_STANDARD = "gnu++17";
				CLANG_ENABLE_MODULES = YES;
				CLANG_ENABLE_OBJC_ARC = YES;
				CLANG_ENABLE_OBJC_WEAK = YES;
				CLANG_WARN_BLOCK_CAPTURE_AUTORELEASING = YES;
				CLANG_WARN_BOOL_CONVERSION = YES;
				CLANG_WARN_COMMA = YES;
				CLANG_WARN_CONSTANT_CONVERSION = YES;
				CLANG_WARN_DEPRECATED_OBJC_IMPLEMENTATIONS = YES;
				CLANG_WARN_DIRECT_OBJC_ISA_USAGE = YES_ERROR;
				CLANG_WARN_DOCUMENTATION_COMMENTS = YES;
				CLANG_WARN_EMPTY_BODY = YES;
				CLANG_WARN_ENUM_CONVERSION = YES;
				CLANG_WARN_INFINITE_RECURSION = YES;
				CLANG_WARN_INT_CONVERSION = YES;
				CLANG_WARN_NON_LITERAL_NULL_CONVERSION = YES;
				CLANG_WARN_OBJC_IMPLICIT_RETAIN_SELF = YES;
				CLANG_WARN_OBJC_LITERAL_CONVERSION = YES;
				CLANG_WARN_OBJC_ROOT_CLASS = YES_ERROR;
				CLANG_WARN_QUOTED_INCLUDE_IN_FRAMEWORK_HEADER = YES;
				CLANG_WARN_RANGE_LOOP_ANALYSIS = YES;
				CLANG_WARN_STRICT_PROTOTYPES = YES;
				CLANG_WARN_SUSPICIOUS_MOVE = YES;
				CLANG_WARN_UNGUARDED_AVAILABILITY = YES_AGGRESSIVE;
				CLANG_WARN_UNREACHABLE_CODE = YES;
				CLANG_WARN__DUPLICATE_METHOD_MATCH = YES;
				COPY_PHASE_STRIP = NO;
				DEBUG_INFORMATION_FORMAT = dwarf;
				ENABLE_STRICT_OBJC_MSGSEND = YES;
				ENABLE_TESTABILITY = YES;
				GCC_C_LANGUAGE_STANDARD = gnu11;
				GCC_DYNAMIC_NO_PIC = NO;
				GCC_NO_COMMON_BLOCKS = YES;
				GCC_OPTIMIZATION_LEVEL = 0;
				GCC_PREPROCESSOR_DEFINITIONS = (
					"DEBUG=1",
					"$(inherited)",
				);
				GCC_WARN_64_TO_32_BIT_CONVERSION = YES;
				GCC_WARN_ABOUT_RETURN_TYPE = YES_ERROR;
				GCC_WARN_UNDECLARED_SELECTOR = YES;
				GCC_WARN_UNINITIALIZED_AUTOS = YES_AGGRESSIVE;
				GCC_WARN_UNUSED_FUNCTION = YES;
				GCC_WARN_UNUSED_VARIABLE = YES;
				IPHONEOS_DEPLOYMENT_TARGET = 15.4;
				MTL_ENABLE_DEBUG_INFO = INCLUDE_SOURCE;
				MTL_FAST_MATH = YES;
				ONLY_ACTIVE_ARCH = YES;
				SDKROOT = iphoneos;
				SWIFT_ACTIVE_COMPILATION_CONDITIONS = DEBUG;
				SWIFT_OPTIMIZATION_LEVEL = "-Onone";
			};
			name = Debug;
		};
		8848025F282C16A900AF1595 /* Release */ = {
			isa = XCBuildConfiguration;
			buildSettings = {
				ALWAYS_SEARCH_USER_PATHS = NO;
				CLANG_ANALYZER_NONNULL = YES;
				CLANG_ANALYZER_NUMBER_OBJECT_CONVERSION = YES_AGGRESSIVE;
				CLANG_CXX_LANGUAGE_STANDARD = "gnu++17";
				CLANG_ENABLE_MODULES = YES;
				CLANG_ENABLE_OBJC_ARC = YES;
				CLANG_ENABLE_OBJC_WEAK = YES;
				CLANG_WARN_BLOCK_CAPTURE_AUTORELEASING = YES;
				CLANG_WARN_BOOL_CONVERSION = YES;
				CLANG_WARN_COMMA = YES;
				CLANG_WARN_CONSTANT_CONVERSION = YES;
				CLANG_WARN_DEPRECATED_OBJC_IMPLEMENTATIONS = YES;
				CLANG_WARN_DIRECT_OBJC_ISA_USAGE = YES_ERROR;
				CLANG_WARN_DOCUMENTATION_COMMENTS = YES;
				CLANG_WARN_EMPTY_BODY = YES;
				CLANG_WARN_ENUM_CONVERSION = YES;
				CLANG_WARN_INFINITE_RECURSION = YES;
				CLANG_WARN_INT_CONVERSION = YES;
				CLANG_WARN_NON_LITERAL_NULL_CONVERSION = YES;
				CLANG_WARN_OBJC_IMPLICIT_RETAIN_SELF = YES;
				CLANG_WARN_OBJC_LITERAL_CONVERSION = YES;
				CLANG_WARN_OBJC_ROOT_CLASS = YES_ERROR;
				CLANG_WARN_QUOTED_INCLUDE_IN_FRAMEWORK_HEADER = YES;
				CLANG_WARN_RANGE_LOOP_ANALYSIS = YES;
				CLANG_WARN_STRICT_PROTOTYPES = YES;
				CLANG_WARN_SUSPICIOUS_MOVE = YES;
				CLANG_WARN_UNGUARDED_AVAILABILITY = YES_AGGRESSIVE;
				CLANG_WARN_UNREACHABLE_CODE = YES;
				CLANG_WARN__DUPLICATE_METHOD_MATCH = YES;
				COPY_PHASE_STRIP = NO;
				DEBUG_INFORMATION_FORMAT = "dwarf-with-dsym";
				ENABLE_NS_ASSERTIONS = NO;
				ENABLE_STRICT_OBJC_MSGSEND = YES;
				GCC_C_LANGUAGE_STANDARD = gnu11;
				GCC_NO_COMMON_BLOCKS = YES;
				GCC_WARN_64_TO_32_BIT_CONVERSION = YES;
				GCC_WARN_ABOUT_RETURN_TYPE = YES_ERROR;
				GCC_WARN_UNDECLARED_SELECTOR = YES;
				GCC_WARN_UNINITIALIZED_AUTOS = YES_AGGRESSIVE;
				GCC_WARN_UNUSED_FUNCTION = YES;
				GCC_WARN_UNUSED_VARIABLE = YES;
				IPHONEOS_DEPLOYMENT_TARGET = 15.4;
				MTL_ENABLE_DEBUG_INFO = NO;
				MTL_FAST_MATH = YES;
				SDKROOT = iphoneos;
				SWIFT_COMPILATION_MODE = wholemodule;
				SWIFT_OPTIMIZATION_LEVEL = "-O";
				VALIDATE_PRODUCT = YES;
			};
			name = Release;
		};
		88480261282C16A900AF1595 /* Debug */ = {
			isa = XCBuildConfiguration;
			buildSettings = {
				ASSETCATALOG_COMPILER_APPICON_NAME = AppIcon;
				ASSETCATALOG_COMPILER_GLOBAL_ACCENT_COLOR_NAME = AccentColor;
				CODE_SIGN_STYLE = Automatic;
				CURRENT_PROJECT_VERSION = 1;
				DEVELOPMENT_TEAM = "";
				GENERATE_INFOPLIST_FILE = YES;
				INFOPLIST_FILE = LeagueiOSChallenge/Root/Info.plist;
				INFOPLIST_KEY_CFBundleDisplayName = "League Challenge";
				INFOPLIST_KEY_UIApplicationSupportsIndirectInputEvents = YES;
				INFOPLIST_KEY_UILaunchStoryboardName = LaunchScreen;
				INFOPLIST_KEY_UISupportedInterfaceOrientations = UIInterfaceOrientationPortrait;
				INFOPLIST_KEY_UISupportedInterfaceOrientations_iPad = "UIInterfaceOrientationLandscapeLeft UIInterfaceOrientationLandscapeRight UIInterfaceOrientationPortrait UIInterfaceOrientationPortraitUpsideDown";
				IPHONEOS_DEPLOYMENT_TARGET = 16.6;
				LD_RUNPATH_SEARCH_PATHS = (
					"$(inherited)",
					"@executable_path/Frameworks",
				);
				MARKETING_VERSION = 1.0;
				PRODUCT_BUNDLE_IDENTIFIER = life.league.LeagueiOSChallenge;
				PRODUCT_NAME = "$(TARGET_NAME)";
				SWIFT_EMIT_LOC_STRINGS = YES;
				SWIFT_VERSION = 5.0;
				TARGETED_DEVICE_FAMILY = "1,2";
			};
			name = Debug;
		};
		88480262282C16A900AF1595 /* Release */ = {
			isa = XCBuildConfiguration;
			buildSettings = {
				ASSETCATALOG_COMPILER_APPICON_NAME = AppIcon;
				ASSETCATALOG_COMPILER_GLOBAL_ACCENT_COLOR_NAME = AccentColor;
				CODE_SIGN_STYLE = Automatic;
				CURRENT_PROJECT_VERSION = 1;
				DEVELOPMENT_TEAM = "";
				GENERATE_INFOPLIST_FILE = YES;
				INFOPLIST_FILE = LeagueiOSChallenge/Root/Info.plist;
				INFOPLIST_KEY_CFBundleDisplayName = "League Challenge";
				INFOPLIST_KEY_UIApplicationSupportsIndirectInputEvents = YES;
				INFOPLIST_KEY_UILaunchStoryboardName = LaunchScreen;
				INFOPLIST_KEY_UISupportedInterfaceOrientations = UIInterfaceOrientationPortrait;
				INFOPLIST_KEY_UISupportedInterfaceOrientations_iPad = "UIInterfaceOrientationLandscapeLeft UIInterfaceOrientationLandscapeRight UIInterfaceOrientationPortrait UIInterfaceOrientationPortraitUpsideDown";
				IPHONEOS_DEPLOYMENT_TARGET = 16.6;
				LD_RUNPATH_SEARCH_PATHS = (
					"$(inherited)",
					"@executable_path/Frameworks",
				);
				MARKETING_VERSION = 1.0;
				PRODUCT_BUNDLE_IDENTIFIER = life.league.LeagueiOSChallenge;
				PRODUCT_NAME = "$(TARGET_NAME)";
				SWIFT_EMIT_LOC_STRINGS = YES;
				SWIFT_VERSION = 5.0;
				TARGETED_DEVICE_FAMILY = "1,2";
			};
			name = Release;
		};
		88480264282C16A900AF1595 /* Debug */ = {
			isa = XCBuildConfiguration;
			buildSettings = {
				ALWAYS_EMBED_SWIFT_STANDARD_LIBRARIES = YES;
				BUNDLE_LOADER = "$(TEST_HOST)";
				CODE_SIGN_STYLE = Automatic;
				CURRENT_PROJECT_VERSION = 1;
				GENERATE_INFOPLIST_FILE = YES;
				IPHONEOS_DEPLOYMENT_TARGET = 16.6;
				MARKETING_VERSION = 1.0;
				PRODUCT_BUNDLE_IDENTIFIER = life.league.LeagueiOSChallengeTests;
				PRODUCT_NAME = "$(TARGET_NAME)";
				SWIFT_EMIT_LOC_STRINGS = NO;
				SWIFT_VERSION = 5.0;
				TARGETED_DEVICE_FAMILY = "1,2";
				TEST_HOST = "$(BUILT_PRODUCTS_DIR)/LeagueiOSChallenge.app/LeagueiOSChallenge";
			};
			name = Debug;
		};
		88480265282C16A900AF1595 /* Release */ = {
			isa = XCBuildConfiguration;
			buildSettings = {
				ALWAYS_EMBED_SWIFT_STANDARD_LIBRARIES = YES;
				BUNDLE_LOADER = "$(TEST_HOST)";
				CODE_SIGN_STYLE = Automatic;
				CURRENT_PROJECT_VERSION = 1;
				GENERATE_INFOPLIST_FILE = YES;
				IPHONEOS_DEPLOYMENT_TARGET = 16.6;
				MARKETING_VERSION = 1.0;
				PRODUCT_BUNDLE_IDENTIFIER = life.league.LeagueiOSChallengeTests;
				PRODUCT_NAME = "$(TARGET_NAME)";
				SWIFT_EMIT_LOC_STRINGS = NO;
				SWIFT_VERSION = 5.0;
				TARGETED_DEVICE_FAMILY = "1,2";
				TEST_HOST = "$(BUILT_PRODUCTS_DIR)/LeagueiOSChallenge.app/LeagueiOSChallenge";
			};
			name = Release;
		};
		88480267282C16A900AF1595 /* Debug */ = {
			isa = XCBuildConfiguration;
			buildSettings = {
				ALWAYS_EMBED_SWIFT_STANDARD_LIBRARIES = YES;
				CODE_SIGN_STYLE = Automatic;
				CURRENT_PROJECT_VERSION = 1;
				GENERATE_INFOPLIST_FILE = YES;
				IPHONEOS_DEPLOYMENT_TARGET = 16.6;
				MARKETING_VERSION = 1.0;
				PRODUCT_BUNDLE_IDENTIFIER = life.league.LeagueiOSChallengeUITests;
				PRODUCT_NAME = "$(TARGET_NAME)";
				SWIFT_EMIT_LOC_STRINGS = NO;
				SWIFT_VERSION = 5.0;
				TARGETED_DEVICE_FAMILY = "1,2";
				TEST_TARGET_NAME = LeagueiOSChallenge;
			};
			name = Debug;
		};
		88480268282C16A900AF1595 /* Release */ = {
			isa = XCBuildConfiguration;
			buildSettings = {
				ALWAYS_EMBED_SWIFT_STANDARD_LIBRARIES = YES;
				CODE_SIGN_STYLE = Automatic;
				CURRENT_PROJECT_VERSION = 1;
				GENERATE_INFOPLIST_FILE = YES;
				IPHONEOS_DEPLOYMENT_TARGET = 16.6;
				MARKETING_VERSION = 1.0;
				PRODUCT_BUNDLE_IDENTIFIER = life.league.LeagueiOSChallengeUITests;
				PRODUCT_NAME = "$(TARGET_NAME)";
				SWIFT_EMIT_LOC_STRINGS = NO;
				SWIFT_VERSION = 5.0;
				TARGETED_DEVICE_FAMILY = "1,2";
				TEST_TARGET_NAME = LeagueiOSChallenge;
			};
			name = Release;
		};
/* End XCBuildConfiguration section */

/* Begin XCConfigurationList section */
		88480231282C16A800AF1595 /* Build configuration list for PBXProject "LeagueiOSChallenge" */ = {
			isa = XCConfigurationList;
			buildConfigurations = (
				8848025E282C16A900AF1595 /* Debug */,
				8848025F282C16A900AF1595 /* Release */,
			);
			defaultConfigurationIsVisible = 0;
			defaultConfigurationName = Release;
		};
		88480260282C16A900AF1595 /* Build configuration list for PBXNativeTarget "LeagueiOSChallenge" */ = {
			isa = XCConfigurationList;
			buildConfigurations = (
				88480261282C16A900AF1595 /* Debug */,
				88480262282C16A900AF1595 /* Release */,
			);
			defaultConfigurationIsVisible = 0;
			defaultConfigurationName = Release;
		};
		88480263282C16A900AF1595 /* Build configuration list for PBXNativeTarget "LeagueiOSChallengeTests" */ = {
			isa = XCConfigurationList;
			buildConfigurations = (
				88480264282C16A900AF1595 /* Debug */,
				88480265282C16A900AF1595 /* Release */,
			);
			defaultConfigurationIsVisible = 0;
			defaultConfigurationName = Release;
		};
		88480266282C16A900AF1595 /* Build configuration list for PBXNativeTarget "LeagueiOSChallengeUITests" */ = {
			isa = XCConfigurationList;
			buildConfigurations = (
				88480267282C16A900AF1595 /* Debug */,
				88480268282C16A900AF1595 /* Release */,
			);
			defaultConfigurationIsVisible = 0;
			defaultConfigurationName = Release;
		};
/* End XCConfigurationList section */
	};
	rootObject = 8848022E282C16A800AF1595 /* Project object */;
}
